uuid: c5e90eda-2405-43ec-9d90-2764c8b0b93c
langcode: en
status: true
dependencies:
  config:
    - views.view.who_s_online
  module:
    - system
    - views
  theme:
    - cme
_core:
  default_config_hash: FqOXBPfuEyJCN7YIKoZK5Xp0ANFPiqc_xqkHdR53dS4
id: cme_dashboard_views_block_who_s_online_who_s_online_block
theme: cme
region: content
weight: -5
provider: null
plugin: 'views_block:who_s_online-who_s_online_block'
settings:
  id: 'views_block:who_s_online-who_s_online_block'
  label: 'Dashboard: Who''s online'
  provider: views
  label_display: visible
  views_label: ''
  items_per_page: none
visibility:
  request_path:
    id: request_path
    pages: '<front>'
    negate: false
    context_mapping: {  }
