uuid: 5912eb5a-7269-438a-9e75-a5afb586beb3
langcode: en
status: true
dependencies:
  config:
    - views.view.opigno_calendar
  module:
    - system
    - views
  theme:
    - platon
_core:
  default_config_hash: BKCSwFaYQfcngSLRBOcz5N3Gt1GgHfQCPzZuYYsg-Zk
id: dashboard_views_block_opigno_calendar_month_block
theme: platon
region: content
weight: 0
provider: null
plugin: 'views_block:opigno_calendar-month_block'
settings:
  id: 'views_block:opigno_calendar-month_block'
  label: 'Dashboard: Opigno calendar block'
  provider: views
  label_display: visible
  views_label: ''
  items_per_page: none
visibility:
  request_path:
    id: request_path
    pages: '<front>'
    negate: false
    context_mapping: {  }
